// !$*UTF8*$!
{
	archiveVersion = 1;
	classes = {
	};
	objectVersion = 46;
	objects = {

/* Begin PBXBuildFile section */
		23B6BA99F6DF6FF1E0E87D58 /* libPods-Blocstagram.a in Frameworks */ = {isa = PBXBuildFile; fileRef = 554457BFE77D6B615B34DAC6 /* libPods-Blocstagram.a */; };
		330C0729BA6B7FB7D1D4E822 /* libPods-BlocstagramTests.a in Frameworks */ = {isa = PBXBuildFile; fileRef = E12B30EA8AFA4DD003844D72 /* libPods-BlocstagramTests.a */; };
		AB044A991D3056FF00C1B037 /* LoginViewController.m in Sources */ = {isa = PBXBuildFile; fileRef = AB044A981D3056FF00C1B037 /* LoginViewController.m */; };
		AB326CB51D3C2D51003AD410 /* CameraToolbar.m in Sources */ = {isa = PBXBuildFile; fileRef = AB326CB41D3C2D51003AD410 /* CameraToolbar.m */; };
		AB326CB81D3C2E89003AD410 /* CameraViewController.m in Sources */ = {isa = PBXBuildFile; fileRef = AB326CB71D3C2E89003AD410 /* CameraViewController.m */; };
		AB326CBD1D3C43E0003AD410 /* UIImage+ImageUtilities.m in Sources */ = {isa = PBXBuildFile; fileRef = AB326CBC1D3C43E0003AD410 /* UIImage+ImageUtilities.m */; };
		AB326CC01D3D5857003AD410 /* CropBox.m in Sources */ = {isa = PBXBuildFile; fileRef = AB326CBF1D3D5857003AD410 /* CropBox.m */; };
		AB326CC31D3D5ADC003AD410 /* CropImageViewController.m in Sources */ = {isa = PBXBuildFile; fileRef = AB326CC21D3D5ADC003AD410 /* CropImageViewController.m */; };
		AB326CC61D3D6086003AD410 /* ImageLibraryViewController.m in Sources */ = {isa = PBXBuildFile; fileRef = AB326CC51D3D6086003AD410 /* ImageLibraryViewController.m */; };
		AB3C2D351D1E3A78008C5852 /* main.m in Sources */ = {isa = PBXBuildFile; fileRef = AB3C2D341D1E3A78008C5852 /* main.m */; };
		AB3C2D381D1E3A78008C5852 /* AppDelegate.m in Sources */ = {isa = PBXBuildFile; fileRef = AB3C2D371D1E3A78008C5852 /* AppDelegate.m */; };
		AB3C2D401D1E3A78008C5852 /* Assets.xcassets in Resources */ = {isa = PBXBuildFile; fileRef = AB3C2D3F1D1E3A78008C5852 /* Assets.xcassets */; };
		AB3C2D431D1E3A78008C5852 /* LaunchScreen.storyboard in Resources */ = {isa = PBXBuildFile; fileRef = AB3C2D411D1E3A78008C5852 /* LaunchScreen.storyboard */; };
		AB3C2D4E1D1E3A78008C5852 /* BlocstagramTests.m in Sources */ = {isa = PBXBuildFile; fileRef = AB3C2D4D1D1E3A78008C5852 /* BlocstagramTests.m */; };
		AB3C2D631D1E405C008C5852 /* 1.jpg in Resources */ = {isa = PBXBuildFile; fileRef = AB3C2D591D1E405C008C5852 /* 1.jpg */; };
		AB3C2D641D1E405C008C5852 /* 2.jpg in Resources */ = {isa = PBXBuildFile; fileRef = AB3C2D5A1D1E405C008C5852 /* 2.jpg */; };
		AB3C2D651D1E405C008C5852 /* 3.jpg in Resources */ = {isa = PBXBuildFile; fileRef = AB3C2D5B1D1E405C008C5852 /* 3.jpg */; };
		AB3C2D661D1E405C008C5852 /* 4.jpg in Resources */ = {isa = PBXBuildFile; fileRef = AB3C2D5C1D1E405C008C5852 /* 4.jpg */; };
		AB3C2D671D1E405C008C5852 /* 5.jpg in Resources */ = {isa = PBXBuildFile; fileRef = AB3C2D5D1D1E405C008C5852 /* 5.jpg */; };
		AB3C2D681D1E405C008C5852 /* 6.jpg in Resources */ = {isa = PBXBuildFile; fileRef = AB3C2D5E1D1E405C008C5852 /* 6.jpg */; };
		AB3C2D691D1E405C008C5852 /* 7.jpg in Resources */ = {isa = PBXBuildFile; fileRef = AB3C2D5F1D1E405C008C5852 /* 7.jpg */; };
		AB3C2D6A1D1E405C008C5852 /* 8.jpg in Resources */ = {isa = PBXBuildFile; fileRef = AB3C2D601D1E405C008C5852 /* 8.jpg */; };
		AB3C2D6B1D1E405C008C5852 /* 9.jpg in Resources */ = {isa = PBXBuildFile; fileRef = AB3C2D611D1E405C008C5852 /* 9.jpg */; };
		AB3C2D6C1D1E405C008C5852 /* 10.jpg in Resources */ = {isa = PBXBuildFile; fileRef = AB3C2D621D1E405C008C5852 /* 10.jpg */; };
		AB3C2D6F1D1EC098008C5852 /* ImagesTableViewController.m in Sources */ = {isa = PBXBuildFile; fileRef = AB3C2D6E1D1EC098008C5852 /* ImagesTableViewController.m */; };
		AB3C2D721D202B49008C5852 /* User.m in Sources */ = {isa = PBXBuildFile; fileRef = AB3C2D711D202B49008C5852 /* User.m */; };
		AB3C2D751D202BC7008C5852 /* Media.m in Sources */ = {isa = PBXBuildFile; fileRef = AB3C2D741D202BC7008C5852 /* Media.m */; };
		AB3C2D781D202CA6008C5852 /* Comment.m in Sources */ = {isa = PBXBuildFile; fileRef = AB3C2D771D202CA6008C5852 /* Comment.m */; };
		AB3C2D7B1D203505008C5852 /* DataSource.m in Sources */ = {isa = PBXBuildFile; fileRef = AB3C2D7A1D203505008C5852 /* DataSource.m */; };
		AB3C2D7E1D2449E2008C5852 /* MediaTableViewCell.m in Sources */ = {isa = PBXBuildFile; fileRef = AB3C2D7D1D2449E2008C5852 /* MediaTableViewCell.m */; };
		AB6080D21D3AE6F900987F54 /* CircleSpinnerView.m in Sources */ = {isa = PBXBuildFile; fileRef = AB6080D11D3AE6F900987F54 /* CircleSpinnerView.m */; };
		AB6080D51D3B1B8700987F54 /* LikeButton.m in Sources */ = {isa = PBXBuildFile; fileRef = AB6080D41D3B1B8700987F54 /* LikeButton.m */; };
		AB88903F1D37F2DA0046CD88 /* MediaFullScreenViewController.m in Sources */ = {isa = PBXBuildFile; fileRef = AB88903E1D37F2DA0046CD88 /* MediaFullScreenViewController.m */; };
		ABDE1C191D3C02C600E5D920 /* ComposeCommentView.m in Sources */ = {isa = PBXBuildFile; fileRef = ABDE1C181D3C02C500E5D920 /* ComposeCommentView.m */; };
/* End PBXBuildFile section */

/* Begin PBXContainerItemProxy section */
		AB3C2D4A1D1E3A78008C5852 /* PBXContainerItemProxy */ = {
			isa = PBXContainerItemProxy;
			containerPortal = AB3C2D281D1E3A78008C5852 /* Project object */;
			proxyType = 1;
			remoteGlobalIDString = AB3C2D2F1D1E3A78008C5852;
			remoteInfo = Blocstagram;
		};
/* End PBXContainerItemProxy section */

/* Begin PBXFileReference section */
		3C5D43778D55028F4FF61861 /* Pods-BlocstagramTests.release.xcconfig */ = {isa = PBXFileReference; includeInIndex = 1; lastKnownFileType = text.xcconfig; name = "Pods-BlocstagramTests.release.xcconfig"; path = "Pods/Target Support Files/Pods-BlocstagramTests/Pods-BlocstagramTests.release.xcconfig"; sourceTree = "<group>"; };
		420436AEEF282C00C4713E9B /* Pods-Blocstagram.debug.xcconfig */ = {isa = PBXFileReference; includeInIndex = 1; lastKnownFileType = text.xcconfig; name = "Pods-Blocstagram.debug.xcconfig"; path = "Pods/Target Support Files/Pods-Blocstagram/Pods-Blocstagram.debug.xcconfig"; sourceTree = "<group>"; };
		554457BFE77D6B615B34DAC6 /* libPods-Blocstagram.a */ = {isa = PBXFileReference; explicitFileType = archive.ar; includeInIndex = 0; path = "libPods-Blocstagram.a"; sourceTree = BUILT_PRODUCTS_DIR; };
		AB044A971D3056FF00C1B037 /* LoginViewController.h */ = {isa = PBXFileReference; fileEncoding = 4; lastKnownFileType = sourcecode.c.h; path = LoginViewController.h; sourceTree = "<group>"; };
		AB044A981D3056FF00C1B037 /* LoginViewController.m */ = {isa = PBXFileReference; fileEncoding = 4; lastKnownFileType = sourcecode.c.objc; path = LoginViewController.m; sourceTree = "<group>"; };
		AB326CB31D3C2D51003AD410 /* CameraToolbar.h */ = {isa = PBXFileReference; fileEncoding = 4; lastKnownFileType = sourcecode.c.h; path = CameraToolbar.h; sourceTree = "<group>"; };
		AB326CB41D3C2D51003AD410 /* CameraToolbar.m */ = {isa = PBXFileReference; fileEncoding = 4; lastKnownFileType = sourcecode.c.objc; path = CameraToolbar.m; sourceTree = "<group>"; };
		AB326CB61D3C2E89003AD410 /* CameraViewController.h */ = {isa = PBXFileReference; fileEncoding = 4; lastKnownFileType = sourcecode.c.h; path = CameraViewController.h; sourceTree = "<group>"; };
		AB326CB71D3C2E89003AD410 /* CameraViewController.m */ = {isa = PBXFileReference; fileEncoding = 4; lastKnownFileType = sourcecode.c.objc; path = CameraViewController.m; sourceTree = "<group>"; };
		AB326CBB1D3C43E0003AD410 /* UIImage+ImageUtilities.h */ = {isa = PBXFileReference; fileEncoding = 4; lastKnownFileType = sourcecode.c.h; path = "UIImage+ImageUtilities.h"; sourceTree = "<group>"; };
		AB326CBC1D3C43E0003AD410 /* UIImage+ImageUtilities.m */ = {isa = PBXFileReference; fileEncoding = 4; lastKnownFileType = sourcecode.c.objc; path = "UIImage+ImageUtilities.m"; sourceTree = "<group>"; };
		AB326CBE1D3D5857003AD410 /* CropBox.h */ = {isa = PBXFileReference; fileEncoding = 4; lastKnownFileType = sourcecode.c.h; path = CropBox.h; sourceTree = "<group>"; };
		AB326CBF1D3D5857003AD410 /* CropBox.m */ = {isa = PBXFileReference; fileEncoding = 4; lastKnownFileType = sourcecode.c.objc; path = CropBox.m; sourceTree = "<group>"; };
		AB326CC11D3D5ADC003AD410 /* CropImageViewController.h */ = {isa = PBXFileReference; fileEncoding = 4; lastKnownFileType = sourcecode.c.h; path = CropImageViewController.h; sourceTree = "<group>"; };
		AB326CC21D3D5ADC003AD410 /* CropImageViewController.m */ = {isa = PBXFileReference; fileEncoding = 4; lastKnownFileType = sourcecode.c.objc; path = CropImageViewController.m; sourceTree = "<group>"; };
		AB326CC41D3D6086003AD410 /* ImageLibraryViewController.h */ = {isa = PBXFileReference; fileEncoding = 4; lastKnownFileType = sourcecode.c.h; path = ImageLibraryViewController.h; sourceTree = "<group>"; };
		AB326CC51D3D6086003AD410 /* ImageLibraryViewController.m */ = {isa = PBXFileReference; fileEncoding = 4; lastKnownFileType = sourcecode.c.objc; path = ImageLibraryViewController.m; sourceTree = "<group>"; };
		AB3C2D301D1E3A78008C5852 /* Blocstagram.app */ = {isa = PBXFileReference; explicitFileType = wrapper.application; includeInIndex = 0; path = Blocstagram.app; sourceTree = BUILT_PRODUCTS_DIR; };
		AB3C2D341D1E3A78008C5852 /* main.m */ = {isa = PBXFileReference; lastKnownFileType = sourcecode.c.objc; path = main.m; sourceTree = "<group>"; };
		AB3C2D361D1E3A78008C5852 /* AppDelegate.h */ = {isa = PBXFileReference; lastKnownFileType = sourcecode.c.h; path = AppDelegate.h; sourceTree = "<group>"; };
		AB3C2D371D1E3A78008C5852 /* AppDelegate.m */ = {isa = PBXFileReference; lastKnownFileType = sourcecode.c.objc; path = AppDelegate.m; sourceTree = "<group>"; };
		AB3C2D3F1D1E3A78008C5852 /* Assets.xcassets */ = {isa = PBXFileReference; lastKnownFileType = folder.assetcatalog; path = Assets.xcassets; sourceTree = "<group>"; };
		AB3C2D421D1E3A78008C5852 /* Base */ = {isa = PBXFileReference; lastKnownFileType = file.storyboard; name = Base; path = Base.lproj/LaunchScreen.storyboard; sourceTree = "<group>"; };
		AB3C2D441D1E3A78008C5852 /* Info.plist */ = {isa = PBXFileReference; lastKnownFileType = text.plist.xml; path = Info.plist; sourceTree = "<group>"; };
		AB3C2D491D1E3A78008C5852 /* BlocstagramTests.xctest */ = {isa = PBXFileReference; explicitFileType = wrapper.cfbundle; includeInIndex = 0; path = BlocstagramTests.xctest; sourceTree = BUILT_PRODUCTS_DIR; };
		AB3C2D4D1D1E3A78008C5852 /* BlocstagramTests.m */ = {isa = PBXFileReference; lastKnownFileType = sourcecode.c.objc; path = BlocstagramTests.m; sourceTree = "<group>"; };
		AB3C2D4F1D1E3A78008C5852 /* Info.plist */ = {isa = PBXFileReference; lastKnownFileType = text.plist.xml; path = Info.plist; sourceTree = "<group>"; };
		AB3C2D591D1E405C008C5852 /* 1.jpg */ = {isa = PBXFileReference; lastKnownFileType = image.jpeg; path = 1.jpg; sourceTree = "<group>"; };
		AB3C2D5A1D1E405C008C5852 /* 2.jpg */ = {isa = PBXFileReference; lastKnownFileType = image.jpeg; path = 2.jpg; sourceTree = "<group>"; };
		AB3C2D5B1D1E405C008C5852 /* 3.jpg */ = {isa = PBXFileReference; lastKnownFileType = image.jpeg; path = 3.jpg; sourceTree = "<group>"; };
		AB3C2D5C1D1E405C008C5852 /* 4.jpg */ = {isa = PBXFileReference; lastKnownFileType = image.jpeg; path = 4.jpg; sourceTree = "<group>"; };
		AB3C2D5D1D1E405C008C5852 /* 5.jpg */ = {isa = PBXFileReference; lastKnownFileType = image.jpeg; path = 5.jpg; sourceTree = "<group>"; };
		AB3C2D5E1D1E405C008C5852 /* 6.jpg */ = {isa = PBXFileReference; lastKnownFileType = image.jpeg; path = 6.jpg; sourceTree = "<group>"; };
		AB3C2D5F1D1E405C008C5852 /* 7.jpg */ = {isa = PBXFileReference; lastKnownFileType = image.jpeg; path = 7.jpg; sourceTree = "<group>"; };
		AB3C2D601D1E405C008C5852 /* 8.jpg */ = {isa = PBXFileReference; lastKnownFileType = image.jpeg; path = 8.jpg; sourceTree = "<group>"; };
		AB3C2D611D1E405C008C5852 /* 9.jpg */ = {isa = PBXFileReference; lastKnownFileType = image.jpeg; path = 9.jpg; sourceTree = "<group>"; };
		AB3C2D621D1E405C008C5852 /* 10.jpg */ = {isa = PBXFileReference; lastKnownFileType = image.jpeg; path = 10.jpg; sourceTree = "<group>"; };
		AB3C2D6D1D1EC098008C5852 /* ImagesTableViewController.h */ = {isa = PBXFileReference; fileEncoding = 4; lastKnownFileType = sourcecode.c.h; path = ImagesTableViewController.h; sourceTree = "<group>"; };
		AB3C2D6E1D1EC098008C5852 /* ImagesTableViewController.m */ = {isa = PBXFileReference; fileEncoding = 4; lastKnownFileType = sourcecode.c.objc; path = ImagesTableViewController.m; sourceTree = "<group>"; };
		AB3C2D701D202B49008C5852 /* User.h */ = {isa = PBXFileReference; fileEncoding = 4; lastKnownFileType = sourcecode.c.h; path = User.h; sourceTree = "<group>"; };
		AB3C2D711D202B49008C5852 /* User.m */ = {isa = PBXFileReference; fileEncoding = 4; lastKnownFileType = sourcecode.c.objc; path = User.m; sourceTree = "<group>"; };
		AB3C2D731D202BC7008C5852 /* Media.h */ = {isa = PBXFileReference; fileEncoding = 4; lastKnownFileType = sourcecode.c.h; path = Media.h; sourceTree = "<group>"; };
		AB3C2D741D202BC7008C5852 /* Media.m */ = {isa = PBXFileReference; fileEncoding = 4; lastKnownFileType = sourcecode.c.objc; path = Media.m; sourceTree = "<group>"; };
		AB3C2D761D202CA6008C5852 /* Comment.h */ = {isa = PBXFileReference; fileEncoding = 4; lastKnownFileType = sourcecode.c.h; path = Comment.h; sourceTree = "<group>"; };
		AB3C2D771D202CA6008C5852 /* Comment.m */ = {isa = PBXFileReference; fileEncoding = 4; lastKnownFileType = sourcecode.c.objc; path = Comment.m; sourceTree = "<group>"; };
		AB3C2D791D203505008C5852 /* DataSource.h */ = {isa = PBXFileReference; fileEncoding = 4; lastKnownFileType = sourcecode.c.h; path = DataSource.h; sourceTree = "<group>"; };
		AB3C2D7A1D203505008C5852 /* DataSource.m */ = {isa = PBXFileReference; fileEncoding = 4; lastKnownFileType = sourcecode.c.objc; path = DataSource.m; sourceTree = "<group>"; };
		AB3C2D7C1D2449E2008C5852 /* MediaTableViewCell.h */ = {isa = PBXFileReference; fileEncoding = 4; lastKnownFileType = sourcecode.c.h; path = MediaTableViewCell.h; sourceTree = "<group>"; };
		AB3C2D7D1D2449E2008C5852 /* MediaTableViewCell.m */ = {isa = PBXFileReference; fileEncoding = 4; lastKnownFileType = sourcecode.c.objc; path = MediaTableViewCell.m; sourceTree = "<group>"; };
		AB6080D01D3AE6F900987F54 /* CircleSpinnerView.h */ = {isa = PBXFileReference; fileEncoding = 4; lastKnownFileType = sourcecode.c.h; path = CircleSpinnerView.h; sourceTree = "<group>"; };
		AB6080D11D3AE6F900987F54 /* CircleSpinnerView.m */ = {isa = PBXFileReference; fileEncoding = 4; lastKnownFileType = sourcecode.c.objc; path = CircleSpinnerView.m; sourceTree = "<group>"; };
		AB6080D31D3B1B8700987F54 /* LikeButton.h */ = {isa = PBXFileReference; fileEncoding = 4; lastKnownFileType = sourcecode.c.h; path = LikeButton.h; sourceTree = "<group>"; };
		AB6080D41D3B1B8700987F54 /* LikeButton.m */ = {isa = PBXFileReference; fileEncoding = 4; lastKnownFileType = sourcecode.c.objc; path = LikeButton.m; sourceTree = "<group>"; };
		AB88903D1D37F2DA0046CD88 /* MediaFullScreenViewController.h */ = {isa = PBXFileReference; fileEncoding = 4; lastKnownFileType = sourcecode.c.h; path = MediaFullScreenViewController.h; sourceTree = "<group>"; };
		AB88903E1D37F2DA0046CD88 /* MediaFullScreenViewController.m */ = {isa = PBXFileReference; fileEncoding = 4; lastKnownFileType = sourcecode.c.objc; path = MediaFullScreenViewController.m; sourceTree = "<group>"; };
		ABDE1C171D3C02C500E5D920 /* ComposeCommentView.h */ = {isa = PBXFileReference; fileEncoding = 4; lastKnownFileType = sourcecode.c.h; path = ComposeCommentView.h; sourceTree = "<group>"; };
		ABDE1C181D3C02C500E5D920 /* ComposeCommentView.m */ = {isa = PBXFileReference; fileEncoding = 4; lastKnownFileType = sourcecode.c.objc; path = ComposeCommentView.m; sourceTree = "<group>"; };
		C9A7E7D74F52DF9B1571FC0B /* Pods-BlocstagramTests.debug.xcconfig */ = {isa = PBXFileReference; includeInIndex = 1; lastKnownFileType = text.xcconfig; name = "Pods-BlocstagramTests.debug.xcconfig"; path = "Pods/Target Support Files/Pods-BlocstagramTests/Pods-BlocstagramTests.debug.xcconfig"; sourceTree = "<group>"; };
		DA03C47083AF07606D49CAFF /* Pods-Blocstagram.release.xcconfig */ = {isa = PBXFileReference; includeInIndex = 1; lastKnownFileType = text.xcconfig; name = "Pods-Blocstagram.release.xcconfig"; path = "Pods/Target Support Files/Pods-Blocstagram/Pods-Blocstagram.release.xcconfig"; sourceTree = "<group>"; };
		E12B30EA8AFA4DD003844D72 /* libPods-BlocstagramTests.a */ = {isa = PBXFileReference; explicitFileType = archive.ar; includeInIndex = 0; path = "libPods-BlocstagramTests.a"; sourceTree = BUILT_PRODUCTS_DIR; };
/* End PBXFileReference section */

/* Begin PBXFrameworksBuildPhase section */
		AB3C2D2D1D1E3A78008C5852 /* Frameworks */ = {
			isa = PBXFrameworksBuildPhase;
			buildActionMask = 2147483647;
			files = (
				23B6BA99F6DF6FF1E0E87D58 /* libPods-Blocstagram.a in Frameworks */,
			);
			runOnlyForDeploymentPostprocessing = 0;
		};
		AB3C2D461D1E3A78008C5852 /* Frameworks */ = {
			isa = PBXFrameworksBuildPhase;
			buildActionMask = 2147483647;
			files = (
				330C0729BA6B7FB7D1D4E822 /* libPods-BlocstagramTests.a in Frameworks */,
			);
			runOnlyForDeploymentPostprocessing = 0;
		};
/* End PBXFrameworksBuildPhase section */

/* Begin PBXGroup section */
		1C6292607791CB657BBEEDBF /* Pods */ = {
			isa = PBXGroup;
			children = (
				420436AEEF282C00C4713E9B /* Pods-Blocstagram.debug.xcconfig */,
				DA03C47083AF07606D49CAFF /* Pods-Blocstagram.release.xcconfig */,
				C9A7E7D74F52DF9B1571FC0B /* Pods-BlocstagramTests.debug.xcconfig */,
				3C5D43778D55028F4FF61861 /* Pods-BlocstagramTests.release.xcconfig */,
			);
			name = Pods;
			sourceTree = "<group>";
		};
		31F8AB6BEB3EA17CF5E43570 /* Frameworks */ = {
			isa = PBXGroup;
			children = (
				554457BFE77D6B615B34DAC6 /* libPods-Blocstagram.a */,
				E12B30EA8AFA4DD003844D72 /* libPods-BlocstagramTests.a */,
			);
			name = Frameworks;
			sourceTree = "<group>";
		};
		AB3C2D271D1E3A78008C5852 = {
			isa = PBXGroup;
			children = (
				AB3C2D321D1E3A78008C5852 /* Blocstagram */,
				AB3C2D4C1D1E3A78008C5852 /* BlocstagramTests */,
				AB3C2D311D1E3A78008C5852 /* Products */,
				1C6292607791CB657BBEEDBF /* Pods */,
				31F8AB6BEB3EA17CF5E43570 /* Frameworks */,
			);
			sourceTree = "<group>";
		};
		AB3C2D311D1E3A78008C5852 /* Products */ = {
			isa = PBXGroup;
			children = (
				AB3C2D301D1E3A78008C5852 /* Blocstagram.app */,
				AB3C2D491D1E3A78008C5852 /* BlocstagramTests.xctest */,
			);
			name = Products;
			sourceTree = "<group>";
		};
		AB3C2D321D1E3A78008C5852 /* Blocstagram */ = {
			isa = PBXGroup;
			children = (
				AB3C2D361D1E3A78008C5852 /* AppDelegate.h */,
				AB3C2D371D1E3A78008C5852 /* AppDelegate.m */,
				AB3C2D6D1D1EC098008C5852 /* ImagesTableViewController.h */,
				AB3C2D6E1D1EC098008C5852 /* ImagesTableViewController.m */,
				AB88903D1D37F2DA0046CD88 /* MediaFullScreenViewController.h */,
				AB88903E1D37F2DA0046CD88 /* MediaFullScreenViewController.m */,
				AB326CC11D3D5ADC003AD410 /* CropImageViewController.h */,
				AB326CC21D3D5ADC003AD410 /* CropImageViewController.m */,
				AB326CC41D3D6086003AD410 /* ImageLibraryViewController.h */,
				AB326CC51D3D6086003AD410 /* ImageLibraryViewController.m */,
				AB044A971D3056FF00C1B037 /* LoginViewController.h */,
				AB044A981D3056FF00C1B037 /* LoginViewController.m */,
				AB326CB61D3C2E89003AD410 /* CameraViewController.h */,
				AB326CB71D3C2E89003AD410 /* CameraViewController.m */,
				AB326CBB1D3C43E0003AD410 /* UIImage+ImageUtilities.h */,
				AB326CBC1D3C43E0003AD410 /* UIImage+ImageUtilities.m */,
				AB3C2D7C1D2449E2008C5852 /* MediaTableViewCell.h */,
				AB3C2D7D1D2449E2008C5852 /* MediaTableViewCell.m */,
				AB326CB31D3C2D51003AD410 /* CameraToolbar.h */,
				AB326CB41D3C2D51003AD410 /* CameraToolbar.m */,
				AB6080D31D3B1B8700987F54 /* LikeButton.h */,
				AB6080D41D3B1B8700987F54 /* LikeButton.m */,
				AB6080D01D3AE6F900987F54 /* CircleSpinnerView.h */,
				AB6080D11D3AE6F900987F54 /* CircleSpinnerView.m */,
				ABDE1C171D3C02C500E5D920 /* ComposeCommentView.h */,
				ABDE1C181D3C02C500E5D920 /* ComposeCommentView.m */,
				AB326CBE1D3D5857003AD410 /* CropBox.h */,
				AB326CBF1D3D5857003AD410 /* CropBox.m */,
				AB3C2D701D202B49008C5852 /* User.h */,
				AB3C2D711D202B49008C5852 /* User.m */,
				AB3C2D731D202BC7008C5852 /* Media.h */,
				AB3C2D741D202BC7008C5852 /* Media.m */,
				AB3C2D761D202CA6008C5852 /* Comment.h */,
				AB3C2D771D202CA6008C5852 /* Comment.m */,
				AB3C2D791D203505008C5852 /* DataSource.h */,
				AB3C2D7A1D203505008C5852 /* DataSource.m */,
				AB3C2D3F1D1E3A78008C5852 /* Assets.xcassets */,
				AB3C2D411D1E3A78008C5852 /* LaunchScreen.storyboard */,
				AB3C2D441D1E3A78008C5852 /* Info.plist */,
				AB3C2D331D1E3A78008C5852 /* Supporting Files */,
				AB3C2D581D1E3DB3008C5852 /* Images */,
			);
			path = Blocstagram;
			sourceTree = "<group>";
		};
		AB3C2D331D1E3A78008C5852 /* Supporting Files */ = {
			isa = PBXGroup;
			children = (
				AB3C2D341D1E3A78008C5852 /* main.m */,
			);
			name = "Supporting Files";
			sourceTree = "<group>";
		};
		AB3C2D4C1D1E3A78008C5852 /* BlocstagramTests */ = {
			isa = PBXGroup;
			children = (
				AB3C2D4D1D1E3A78008C5852 /* BlocstagramTests.m */,
				AB3C2D4F1D1E3A78008C5852 /* Info.plist */,
			);
			path = BlocstagramTests;
			sourceTree = "<group>";
		};
		AB3C2D581D1E3DB3008C5852 /* Images */ = {
			isa = PBXGroup;
			children = (
				AB3C2D591D1E405C008C5852 /* 1.jpg */,
				AB3C2D5A1D1E405C008C5852 /* 2.jpg */,
				AB3C2D5B1D1E405C008C5852 /* 3.jpg */,
				AB3C2D5C1D1E405C008C5852 /* 4.jpg */,
				AB3C2D5D1D1E405C008C5852 /* 5.jpg */,
				AB3C2D5E1D1E405C008C5852 /* 6.jpg */,
				AB3C2D5F1D1E405C008C5852 /* 7.jpg */,
				AB3C2D601D1E405C008C5852 /* 8.jpg */,
				AB3C2D611D1E405C008C5852 /* 9.jpg */,
				AB3C2D621D1E405C008C5852 /* 10.jpg */,
			);
			name = Images;
			sourceTree = "<group>";
		};
/* End PBXGroup section */

/* Begin PBXNativeTarget section */
		AB3C2D2F1D1E3A78008C5852 /* Blocstagram */ = {
			isa = PBXNativeTarget;
			buildConfigurationList = AB3C2D521D1E3A78008C5852 /* Build configuration list for PBXNativeTarget "Blocstagram" */;
			buildPhases = (
				0727DE9BD7C0BAD7384F67A2 /* [CP] Check Pods Manifest.lock */,
				AB3C2D2C1D1E3A78008C5852 /* Sources */,
				AB3C2D2D1D1E3A78008C5852 /* Frameworks */,
				AB3C2D2E1D1E3A78008C5852 /* Resources */,
				9DF4059E7ED46B7BB60B7F92 /* [CP] Embed Pods Frameworks */,
				C3F17DD7504F61B7F4471BF6 /* [CP] Copy Pods Resources */,
			);
			buildRules = (
			);
			dependencies = (
			);
			name = Blocstagram;
			productName = Blocstagram;
			productReference = AB3C2D301D1E3A78008C5852 /* Blocstagram.app */;
			productType = "com.apple.product-type.application";
		};
		AB3C2D481D1E3A78008C5852 /* BlocstagramTests */ = {
			isa = PBXNativeTarget;
			buildConfigurationList = AB3C2D551D1E3A78008C5852 /* Build configuration list for PBXNativeTarget "BlocstagramTests" */;
			buildPhases = (
				A10ABBA7C3DF4CDC41F7EE60 /* [CP] Check Pods Manifest.lock */,
				AB3C2D451D1E3A78008C5852 /* Sources */,
				AB3C2D461D1E3A78008C5852 /* Frameworks */,
				AB3C2D471D1E3A78008C5852 /* Resources */,
				2F013515565B2562AD261085 /* [CP] Embed Pods Frameworks */,
				FBBB7E1E43AEBEF993029C9A /* [CP] Copy Pods Resources */,
			);
			buildRules = (
			);
			dependencies = (
				AB3C2D4B1D1E3A78008C5852 /* PBXTargetDependency */,
			);
			name = BlocstagramTests;
			productName = BlocstagramTests;
			productReference = AB3C2D491D1E3A78008C5852 /* BlocstagramTests.xctest */;
			productType = "com.apple.product-type.bundle.unit-test";
		};
/* End PBXNativeTarget section */

/* Begin PBXProject section */
		AB3C2D281D1E3A78008C5852 /* Project object */ = {
			isa = PBXProject;
			attributes = {
				LastUpgradeCheck = 0730;
				ORGANIZATIONNAME = Bloc;
				TargetAttributes = {
					AB3C2D2F1D1E3A78008C5852 = {
						CreatedOnToolsVersion = 7.3.1;
					};
					AB3C2D481D1E3A78008C5852 = {
						CreatedOnToolsVersion = 7.3.1;
						TestTargetID = AB3C2D2F1D1E3A78008C5852;
					};
				};
			};
			buildConfigurationList = AB3C2D2B1D1E3A78008C5852 /* Build configuration list for PBXProject "Blocstagram" */;
			compatibilityVersion = "Xcode 3.2";
			developmentRegion = English;
			hasScannedForEncodings = 0;
			knownRegions = (
				en,
				Base,
			);
			mainGroup = AB3C2D271D1E3A78008C5852;
			productRefGroup = AB3C2D311D1E3A78008C5852 /* Products */;
			projectDirPath = "";
			projectRoot = "";
			targets = (
				AB3C2D2F1D1E3A78008C5852 /* Blocstagram */,
				AB3C2D481D1E3A78008C5852 /* BlocstagramTests */,
			);
		};
/* End PBXProject section */

/* Begin PBXResourcesBuildPhase section */
		AB3C2D2E1D1E3A78008C5852 /* Resources */ = {
			isa = PBXResourcesBuildPhase;
			buildActionMask = 2147483647;
			files = (
				AB3C2D6B1D1E405C008C5852 /* 9.jpg in Resources */,
				AB3C2D6A1D1E405C008C5852 /* 8.jpg in Resources */,
				AB3C2D661D1E405C008C5852 /* 4.jpg in Resources */,
				AB3C2D651D1E405C008C5852 /* 3.jpg in Resources */,
				AB3C2D681D1E405C008C5852 /* 6.jpg in Resources */,
				AB3C2D631D1E405C008C5852 /* 1.jpg in Resources */,
				AB3C2D431D1E3A78008C5852 /* LaunchScreen.storyboard in Resources */,
				AB3C2D671D1E405C008C5852 /* 5.jpg in Resources */,
				AB3C2D691D1E405C008C5852 /* 7.jpg in Resources */,
				AB3C2D641D1E405C008C5852 /* 2.jpg in Resources */,
				AB3C2D6C1D1E405C008C5852 /* 10.jpg in Resources */,
				AB3C2D401D1E3A78008C5852 /* Assets.xcassets in Resources */,
			);
			runOnlyForDeploymentPostprocessing = 0;
		};
		AB3C2D471D1E3A78008C5852 /* Resources */ = {
			isa = PBXResourcesBuildPhase;
			buildActionMask = 2147483647;
			files = (
			);
			runOnlyForDeploymentPostprocessing = 0;
		};
/* End PBXResourcesBuildPhase section */

/* Begin PBXShellScriptBuildPhase section */
		0727DE9BD7C0BAD7384F67A2 /* [CP] Check Pods Manifest.lock */ = {
			isa = PBXShellScriptBuildPhase;
			buildActionMask = 2147483647;
			files = (
			);
			inputPaths = (
			);
			name = "[CP] Check Pods Manifest.lock";
			outputPaths = (
			);
			runOnlyForDeploymentPostprocessing = 0;
			shellPath = /bin/sh;
			shellScript = "diff \"${PODS_ROOT}/../Podfile.lock\" \"${PODS_ROOT}/Manifest.lock\" > /dev/null\nif [[ $? != 0 ]] ; then\n    cat << EOM\nerror: The sandbox is not in sync with the Podfile.lock. Run 'pod install' or update your CocoaPods installation.\nEOM\n    exit 1\nfi\n";
			showEnvVarsInLog = 0;
		};
		2F013515565B2562AD261085 /* [CP] Embed Pods Frameworks */ = {
			isa = PBXShellScriptBuildPhase;
			buildActionMask = 2147483647;
			files = (
			);
			inputPaths = (
			);
			name = "[CP] Embed Pods Frameworks";
			outputPaths = (
			);
			runOnlyForDeploymentPostprocessing = 0;
			shellPath = /bin/sh;
			shellScript = "\"${SRCROOT}/Pods/Target Support Files/Pods-BlocstagramTests/Pods-BlocstagramTests-frameworks.sh\"\n";
			showEnvVarsInLog = 0;
		};
		9DF4059E7ED46B7BB60B7F92 /* [CP] Embed Pods Frameworks */ = {
			isa = PBXShellScriptBuildPhase;
			buildActionMask = 2147483647;
			files = (
			);
			inputPaths = (
			);
			name = "[CP] Embed Pods Frameworks";
			outputPaths = (
			);
			runOnlyForDeploymentPostprocessing = 0;
			shellPath = /bin/sh;
			shellScript = "\"${SRCROOT}/Pods/Target Support Files/Pods-Blocstagram/Pods-Blocstagram-frameworks.sh\"\n";
			showEnvVarsInLog = 0;
		};
		A10ABBA7C3DF4CDC41F7EE60 /* [CP] Check Pods Manifest.lock */ = {
			isa = PBXShellScriptBuildPhase;
			buildActionMask = 2147483647;
			files = (
			);
			inputPaths = (
			);
			name = "[CP] Check Pods Manifest.lock";
			outputPaths = (
			);
			runOnlyForDeploymentPostprocessing = 0;
			shellPath = /bin/sh;
			shellScript = "diff \"${PODS_ROOT}/../Podfile.lock\" \"${PODS_ROOT}/Manifest.lock\" > /dev/null\nif [[ $? != 0 ]] ; then\n    cat << EOM\nerror: The sandbox is not in sync with the Podfile.lock. Run 'pod install' or update your CocoaPods installation.\nEOM\n    exit 1\nfi\n";
			showEnvVarsInLog = 0;
		};
		C3F17DD7504F61B7F4471BF6 /* [CP] Copy Pods Resources */ = {
			isa = PBXShellScriptBuildPhase;
			buildActionMask = 2147483647;
			files = (
			);
			inputPaths = (
			);
			name = "[CP] Copy Pods Resources";
			outputPaths = (
			);
			runOnlyForDeploymentPostprocessing = 0;
			shellPath = /bin/sh;
			shellScript = "\"${SRCROOT}/Pods/Target Support Files/Pods-Blocstagram/Pods-Blocstagram-resources.sh\"\n";
			showEnvVarsInLog = 0;
		};
		FBBB7E1E43AEBEF993029C9A /* [CP] Copy Pods Resources */ = {
			isa = PBXShellScriptBuildPhase;
			buildActionMask = 2147483647;
			files = (
			);
			inputPaths = (
			);
			name = "[CP] Copy Pods Resources";
			outputPaths = (
			);
			runOnlyForDeploymentPostprocessing = 0;
			shellPath = /bin/sh;
			shellScript = "\"${SRCROOT}/Pods/Target Support Files/Pods-BlocstagramTests/Pods-BlocstagramTests-resources.sh\"\n";
			showEnvVarsInLog = 0;
		};
/* End PBXShellScriptBuildPhase section */

/* Begin PBXSourcesBuildPhase section */
		AB3C2D2C1D1E3A78008C5852 /* Sources */ = {
			isa = PBXSourcesBuildPhase;
			buildActionMask = 2147483647;
			files = (
				AB326CB81D3C2E89003AD410 /* CameraViewController.m in Sources */,
				AB88903F1D37F2DA0046CD88 /* MediaFullScreenViewController.m in Sources */,
				AB3C2D721D202B49008C5852 /* User.m in Sources */,
				AB3C2D781D202CA6008C5852 /* Comment.m in Sources */,
				AB326CC61D3D6086003AD410 /* ImageLibraryViewController.m in Sources */,
				AB326CC01D3D5857003AD410 /* CropBox.m in Sources */,
				AB3C2D7E1D2449E2008C5852 /* MediaTableViewCell.m in Sources */,
				AB326CC31D3D5ADC003AD410 /* CropImageViewController.m in Sources */,
				AB3C2D751D202BC7008C5852 /* Media.m in Sources */,
				AB3C2D381D1E3A78008C5852 /* AppDelegate.m in Sources */,
				AB326CB51D3C2D51003AD410 /* CameraToolbar.m in Sources */,
				AB044A991D3056FF00C1B037 /* LoginViewController.m in Sources */,
				AB6080D21D3AE6F900987F54 /* CircleSpinnerView.m in Sources */,
				AB6080D51D3B1B8700987F54 /* LikeButton.m in Sources */,
				AB3C2D7B1D203505008C5852 /* DataSource.m in Sources */,
				ABDE1C191D3C02C600E5D920 /* ComposeCommentView.m in Sources */,
				AB3C2D351D1E3A78008C5852 /* main.m in Sources */,
				AB326CBD1D3C43E0003AD410 /* UIImage+ImageUtilities.m in Sources */,
				AB3C2D6F1D1EC098008C5852 /* ImagesTableViewController.m in Sources */,
			);
			runOnlyForDeploymentPostprocessing = 0;
		};
		AB3C2D451D1E3A78008C5852 /* Sources */ = {
			isa = PBXSourcesBuildPhase;
			buildActionMask = 2147483647;
			files = (
				AB3C2D4E1D1E3A78008C5852 /* BlocstagramTests.m in Sources */,
			);
			runOnlyForDeploymentPostprocessing = 0;
		};
/* End PBXSourcesBuildPhase section */

/* Begin PBXTargetDependency section */
		AB3C2D4B1D1E3A78008C5852 /* PBXTargetDependency */ = {
			isa = PBXTargetDependency;
			target = AB3C2D2F1D1E3A78008C5852 /* Blocstagram */;
			targetProxy = AB3C2D4A1D1E3A78008C5852 /* PBXContainerItemProxy */;
		};
/* End PBXTargetDependency section */

/* Begin PBXVariantGroup section */
		AB3C2D411D1E3A78008C5852 /* LaunchScreen.storyboard */ = {
			isa = PBXVariantGroup;
			children = (
				AB3C2D421D1E3A78008C5852 /* Base */,
			);
			name = LaunchScreen.storyboard;
			sourceTree = "<group>";
		};
/* End PBXVariantGroup section */

/* Begin XCBuildConfiguration section */
		AB3C2D501D1E3A78008C5852 /* Debug */ = {
			isa = XCBuildConfiguration;
			buildSettings = {
				ALWAYS_SEARCH_USER_PATHS = NO;
				CLANG_ANALYZER_NONNULL = YES;
				CLANG_CXX_LANGUAGE_STANDARD = "gnu++0x";
				CLANG_CXX_LIBRARY = "libc++";
				CLANG_ENABLE_MODULES = YES;
				CLANG_ENABLE_OBJC_ARC = YES;
				CLANG_WARN_BOOL_CONVERSION = YES;
				CLANG_WARN_CONSTANT_CONVERSION = YES;
				CLANG_WARN_DIRECT_OBJC_ISA_USAGE = YES_ERROR;
				CLANG_WARN_EMPTY_BODY = YES;
				CLANG_WARN_ENUM_CONVERSION = YES;
				CLANG_WARN_INT_CONVERSION = YES;
				CLANG_WARN_OBJC_ROOT_CLASS = YES_ERROR;
				CLANG_WARN_UNREACHABLE_CODE = YES;
				CLANG_WARN__DUPLICATE_METHOD_MATCH = YES;
				"CODE_SIGN_IDENTITY[sdk=iphoneos*]" = "iPhone Developer";
				COPY_PHASE_STRIP = NO;
				DEBUG_INFORMATION_FORMAT = dwarf;
				ENABLE_STRICT_OBJC_MSGSEND = YES;
				ENABLE_TESTABILITY = YES;
				GCC_C_LANGUAGE_STANDARD = gnu99;
				GCC_DYNAMIC_NO_PIC = NO;
				GCC_NO_COMMON_BLOCKS = YES;
				GCC_OPTIMIZATION_LEVEL = 0;
				GCC_PREPROCESSOR_DEFINITIONS = (
					"DEBUG=1",
					"$(inherited)",
				);
				GCC_WARN_64_TO_32_BIT_CONVERSION = YES;
				GCC_WARN_ABOUT_RETURN_TYPE = YES_ERROR;
				GCC_WARN_UNDECLARED_SELECTOR = YES;
				GCC_WARN_UNINITIALIZED_AUTOS = YES_AGGRESSIVE;
				GCC_WARN_UNUSED_FUNCTION = YES;
				GCC_WARN_UNUSED_VARIABLE = YES;
				IPHONEOS_DEPLOYMENT_TARGET = 9.3;
				MTL_ENABLE_DEBUG_INFO = YES;
				ONLY_ACTIVE_ARCH = YES;
				SDKROOT = iphoneos;
				TARGETED_DEVICE_FAMILY = "1,2";
			};
			name = Debug;
		};
		AB3C2D511D1E3A78008C5852 /* Release */ = {
			isa = XCBuildConfiguration;
			buildSettings = {
				ALWAYS_SEARCH_USER_PATHS = NO;
				CLANG_ANALYZER_NONNULL = YES;
				CLANG_CXX_LANGUAGE_STANDARD = "gnu++0x";
				CLANG_CXX_LIBRARY = "libc++";
				CLANG_ENABLE_MODULES = YES;
				CLANG_ENABLE_OBJC_ARC = YES;
				CLANG_WARN_BOOL_CONVERSION = YES;
				CLANG_WARN_CONSTANT_CONVERSION = YES;
				CLANG_WARN_DIRECT_OBJC_ISA_USAGE = YES_ERROR;
				CLANG_WARN_EMPTY_BODY = YES;
				CLANG_WARN_ENUM_CONVERSION = YES;
				CLANG_WARN_INT_CONVERSION = YES;
				CLANG_WARN_OBJC_ROOT_CLASS = YES_ERROR;
				CLANG_WARN_UNREACHABLE_CODE = YES;
				CLANG_WARN__DUPLICATE_METHOD_MATCH = YES;
				"CODE_SIGN_IDENTITY[sdk=iphoneos*]" = "iPhone Developer";
				COPY_PHASE_STRIP = NO;
				DEBUG_INFORMATION_FORMAT = "dwarf-with-dsym";
				ENABLE_NS_ASSERTIONS = NO;
				ENABLE_STRICT_OBJC_MSGSEND = YES;
				GCC_C_LANGUAGE_STANDARD = gnu99;
				GCC_NO_COMMON_BLOCKS = YES;
				GCC_WARN_64_TO_32_BIT_CONVERSION = YES;
				GCC_WARN_ABOUT_RETURN_TYPE = YES_ERROR;
				GCC_WARN_UNDECLARED_SELECTOR = YES;
				GCC_WARN_UNINITIALIZED_AUTOS = YES_AGGRESSIVE;
				GCC_WARN_UNUSED_FUNCTION = YES;
				GCC_WARN_UNUSED_VARIABLE = YES;
				IPHONEOS_DEPLOYMENT_TARGET = 9.3;
				MTL_ENABLE_DEBUG_INFO = NO;
				SDKROOT = iphoneos;
				TARGETED_DEVICE_FAMILY = "1,2";
				VALIDATE_PRODUCT = YES;
			};
			name = Release;
		};
		AB3C2D531D1E3A78008C5852 /* Debug */ = {
			isa = XCBuildConfiguration;
			baseConfigurationReference = 420436AEEF282C00C4713E9B /* Pods-Blocstagram.debug.xcconfig */;
			buildSettings = {
				ALWAYS_SEARCH_USER_PATHS = NO;
				ASSETCATALOG_COMPILER_APPICON_NAME = AppIcon;
				INFOPLIST_FILE = Blocstagram/Info.plist;
				IPHONEOS_DEPLOYMENT_TARGET = 8.1;
				LD_RUNPATH_SEARCH_PATHS = "$(inherited) @executable_path/Frameworks";
				PRODUCT_BUNDLE_IDENTIFIER = com.Bloc.Blocstagram;
				PRODUCT_NAME = "$(TARGET_NAME)";
			};
			name = Debug;
		};
		AB3C2D541D1E3A78008C5852 /* Release */ = {
			isa = XCBuildConfiguration;
			baseConfigurationReference = DA03C47083AF07606D49CAFF /* Pods-Blocstagram.release.xcconfig */;
			buildSettings = {
				ALWAYS_SEARCH_USER_PATHS = NO;
				ASSETCATALOG_COMPILER_APPICON_NAME = AppIcon;
				INFOPLIST_FILE = Blocstagram/Info.plist;
				IPHONEOS_DEPLOYMENT_TARGET = 8.1;
				LD_RUNPATH_SEARCH_PATHS = "$(inherited) @executable_path/Frameworks";
				PRODUCT_BUNDLE_IDENTIFIER = com.Bloc.Blocstagram;
				PRODUCT_NAME = "$(TARGET_NAME)";
			};
			name = Release;
		};
		AB3C2D561D1E3A78008C5852 /* Debug */ = {
			isa = XCBuildConfiguration;
			baseConfigurationReference = C9A7E7D74F52DF9B1571FC0B /* Pods-BlocstagramTests.debug.xcconfig */;
			buildSettings = {
				BUNDLE_LOADER = "$(TEST_HOST)";
				INFOPLIST_FILE = BlocstagramTests/Info.plist;
				LD_RUNPATH_SEARCH_PATHS = "$(inherited) @executable_path/Frameworks @loader_path/Frameworks";
				PRODUCT_BUNDLE_IDENTIFIER = com.Bloc.BlocstagramTests;
				PRODUCT_NAME = "$(TARGET_NAME)";
				TEST_HOST = "$(BUILT_PRODUCTS_DIR)/Blocstagram.app/Blocstagram";
			};
			name = Debug;
		};
		AB3C2D571D1E3A78008C5852 /* Release */ = {
			isa = XCBuildConfiguration;
			baseConfigurationReference = 3C5D43778D55028F4FF61861 /* Pods-BlocstagramTests.release.xcconfig */;
			buildSettings = {
				BUNDLE_LOADER = "$(TEST_HOST)";
				INFOPLIST_FILE = BlocstagramTests/Info.plist;
				LD_RUNPATH_SEARCH_PATHS = "$(inherited) @executable_path/Frameworks @loader_path/Frameworks";
				PRODUCT_BUNDLE_IDENTIFIER = com.Bloc.BlocstagramTests;
				PRODUCT_NAME = "$(TARGET_NAME)";
				TEST_HOST = "$(BUILT_PRODUCTS_DIR)/Blocstagram.app/Blocstagram";
			};
			name = Release;
		};
/* End XCBuildConfiguration section */

/* Begin XCConfigurationList section */
		AB3C2D2B1D1E3A78008C5852 /* Build configuration list for PBXProject "Blocstagram" */ = {
			isa = XCConfigurationList;
			buildConfigurations = (
				AB3C2D501D1E3A78008C5852 /* Debug */,
				AB3C2D511D1E3A78008C5852 /* Release */,
			);
			defaultConfigurationIsVisible = 0;
			defaultConfigurationName = Release;
		};
		AB3C2D521D1E3A78008C5852 /* Build configuration list for PBXNativeTarget "Blocstagram" */ = {
			isa = XCConfigurationList;
			buildConfigurations = (
				AB3C2D531D1E3A78008C5852 /* Debug */,
				AB3C2D541D1E3A78008C5852 /* Release */,
			);
			defaultConfigurationIsVisible = 0;
			defaultConfigurationName = Release;
		};
		AB3C2D551D1E3A78008C5852 /* Build configuration list for PBXNativeTarget "BlocstagramTests" */ = {
			isa = XCConfigurationList;
			buildConfigurations = (
				AB3C2D561D1E3A78008C5852 /* Debug */,
				AB3C2D571D1E3A78008C5852 /* Release */,
			);
			defaultConfigurationIsVisible = 0;
			defaultConfigurationName = Release;
		};
/* End XCConfigurationList section */
	};
	rootObject = AB3C2D281D1E3A78008C5852 /* Project object */;
}
